
Microsoft Visual Studio Solution File, Format Version 12.00
# Visual Studio Version 17
VisualStudioVersion = 17.5.002.0
MinimumVisualStudioVersion = 10.0.40219.1
Project("{9A19103F-16F7-4668-BE54-9A1E7A4F7556}") = "Backend", "Backend.csproj", "{AB29DC99-F134-460C-B0B6-3A0ABD61B8B6}"
EndProject
Project("{FAE04EC0-301F-11D3-BF4B-00C04F79EFBC}") = "Backend.Tests", "..\Backend.Tests\Backend.Tests.csproj", "{425B6FF4-95F0-49F1-9A5D-26305CF5A6B9}"
EndProject
Global
	GlobalSection(SolutionConfigurationPlatforms) = preSolution
		Debug|Any CPU = Debug|Any CPU
		Release|Any CPU = Release|Any CPU
	EndGlobalSection
	GlobalSection(ProjectConfigurationPlatforms) = postSolution
		{AB29DC99-F134-460C-B0B6-3A0ABD61B8B6}.Debug|Any CPU.ActiveCfg = Debug|Any CPU
		{AB29DC99-F134-460C-B0B6-3A0ABD61B8B6}.Debug|Any CPU.Build.0 = Debug|Any CPU
		{AB29DC99-F134-460C-B0B6-3A0ABD61B8B6}.Release|Any CPU.ActiveCfg = Release|Any CPU
		{AB29DC99-F134-460C-B0B6-3A0ABD61B8B6}.Release|Any CPU.Build.0 = Release|Any CPU
		{425B6FF4-95F0-49F1-9A5D-26305CF5A6B9}.Debug|Any CPU.ActiveCfg = Debug|Any CPU
		{425B6FF4-95F0-49F1-9A5D-26305CF5A6B9}.Debug|Any CPU.Build.0 = Debug|Any CPU
		{425B6FF4-95F0-49F1-9A5D-26305CF5A6B9}.Release|Any CPU.ActiveCfg = Release|Any CPU
		{425B6FF4-95F0-49F1-9A5D-26305CF5A6B9}.Release|Any CPU.Build.0 = Release|Any CPU
	EndGlobalSection
	GlobalSection(SolutionProperties) = preSolution
		HideSolutionNode = FALSE
	EndGlobalSection
	GlobalSection(ExtensibilityGlobals) = postSolution
		SolutionGuid = {FE47E5B8-7C2C-44BD-BC8A-85EE2F5F4AE5}
	EndGlobalSection
EndGlobal
